// !$*UTF8*$!
{
	archiveVersion = 1;
	classes = {
	};
	objectVersion = 56;
	objects = {

/* Begin PBXBuildFile section */
		7D7EF6982A8970D5001780F3 /* iChatFirebaseApp.swift in Sources */ = {isa = PBXBuildFile; fileRef = 7D7EF6972A8970D5001780F3 /* iChatFirebaseApp.swift */; };
		7D7EF69A2A8970D5001780F3 /*   SignInView.swift in Sources */ = {isa = PBXBuildFile; fileRef = 7D7EF6992A8970D5001780F3 /*   SignInView.swift */; };
		7D7EF69C2A8970D6001780F3 /* Assets.xcassets in Resources */ = {isa = PBXBuildFile; fileRef = 7D7EF69B2A8970D6001780F3 /* Assets.xcassets */; };
		7D7EF6A02A8970D6001780F3 /* Preview Assets.xcassets in Resources */ = {isa = PBXBuildFile; fileRef = 7D7EF69F2A8970D6001780F3 /* Preview Assets.xcassets */; };
		7D94EBDD2A89752C00ED8896 /* SignInViewModel.swift in Sources */ = {isa = PBXBuildFile; fileRef = 7D94EBDC2A89752C00ED8896 /* SignInViewModel.swift */; };
		7D94EBDF2A89759700ED8896 /* SignUpView.swift in Sources */ = {isa = PBXBuildFile; fileRef = 7D94EBDE2A89759700ED8896 /* SignUpView.swift */; };
		7D94EBE12A8975D000ED8896 /* SignUpViewModel.swift in Sources */ = {isa = PBXBuildFile; fileRef = 7D94EBE02A8975D000ED8896 /* SignUpViewModel.swift */; };
		7DC3C2112A8A3435001E1B12 /* Pods_iChatFirebase.framework in Frameworks */ = {isa = PBXBuildFile; fileRef = 22AF706DDE1258F62DB0F89D /* Pods_iChatFirebase.framework */; };
		7DC3C2122A8A3435001E1B12 /* Pods_iChatFirebase.framework in Embed Frameworks */ = {isa = PBXBuildFile; fileRef = 22AF706DDE1258F62DB0F89D /* Pods_iChatFirebase.framework */; settings = {ATTRIBUTES = (RemoveHeadersOnCopy, ); }; };
		7DFBC75A2A899D1A004493FA /* GoogleService-Info.plist in Resources */ = {isa = PBXBuildFile; fileRef = 7DFBC7592A899D1A004493FA /* GoogleService-Info.plist */; };
/* End PBXBuildFile section */

/* Begin PBXCopyFilesBuildPhase section */
		7DFBC75D2A89AB4B004493FA /* Embed Frameworks */ = {
			isa = PBXCopyFilesBuildPhase;
			buildActionMask = 2147483647;
			dstPath = "";
			dstSubfolderSpec = 10;
			files = (
				7DC3C2122A8A3435001E1B12 /* Pods_iChatFirebase.framework in Embed Frameworks */,
			);
			name = "Embed Frameworks";
			runOnlyForDeploymentPostprocessing = 0;
		};
/* End PBXCopyFilesBuildPhase section */

/* Begin PBXFileReference section */
		22AF706DDE1258F62DB0F89D /* Pods_iChatFirebase.framework */ = {isa = PBXFileReference; explicitFileType = wrapper.framework; includeInIndex = 0; path = Pods_iChatFirebase.framework; sourceTree = BUILT_PRODUCTS_DIR; };
		38FA858C6F645FB956FCC1B0 /* Pods-iChatFirebase.debug.xcconfig */ = {isa = PBXFileReference; includeInIndex = 1; lastKnownFileType = text.xcconfig; name = "Pods-iChatFirebase.debug.xcconfig"; path = "Target Support Files/Pods-iChatFirebase/Pods-iChatFirebase.debug.xcconfig"; sourceTree = "<group>"; };
		7D7EF6942A8970D5001780F3 /* iChatFirebase.app */ = {isa = PBXFileReference; explicitFileType = wrapper.application; includeInIndex = 0; path = iChatFirebase.app; sourceTree = BUILT_PRODUCTS_DIR; };
		7D7EF6972A8970D5001780F3 /* iChatFirebaseApp.swift */ = {isa = PBXFileReference; lastKnownFileType = sourcecode.swift; path = iChatFirebaseApp.swift; sourceTree = "<group>"; };
		7D7EF6992A8970D5001780F3 /*   SignInView.swift */ = {isa = PBXFileReference; lastKnownFileType = sourcecode.swift; path = "  SignInView.swift"; sourceTree = "<group>"; };
		7D7EF69B2A8970D6001780F3 /* Assets.xcassets */ = {isa = PBXFileReference; lastKnownFileType = folder.assetcatalog; path = Assets.xcassets; sourceTree = "<group>"; };
		7D7EF69D2A8970D6001780F3 /* iChatFirebase.entitlements */ = {isa = PBXFileReference; lastKnownFileType = text.plist.entitlements; path = iChatFirebase.entitlements; sourceTree = "<group>"; };
		7D7EF69F2A8970D6001780F3 /* Preview Assets.xcassets */ = {isa = PBXFileReference; lastKnownFileType = folder.assetcatalog; path = "Preview Assets.xcassets"; sourceTree = "<group>"; };
		7D94EBDC2A89752C00ED8896 /* SignInViewModel.swift */ = {isa = PBXFileReference; lastKnownFileType = sourcecode.swift; path = SignInViewModel.swift; sourceTree = "<group>"; };
		7D94EBDE2A89759700ED8896 /* SignUpView.swift */ = {isa = PBXFileReference; lastKnownFileType = sourcecode.swift; path = SignUpView.swift; sourceTree = "<group>"; };
		7D94EBE02A8975D000ED8896 /* SignUpViewModel.swift */ = {isa = PBXFileReference; lastKnownFileType = sourcecode.swift; path = SignUpViewModel.swift; sourceTree = "<group>"; };
		7DFBC7592A899D1A004493FA /* GoogleService-Info.plist */ = {isa = PBXFileReference; fileEncoding = 4; lastKnownFileType = text.plist.xml; path = "GoogleService-Info.plist"; sourceTree = "<group>"; };
		A2567FFF51E47A43F0196B9C /* Pods-iChatFirebase.release.xcconfig */ = {isa = PBXFileReference; includeInIndex = 1; lastKnownFileType = text.xcconfig; name = "Pods-iChatFirebase.release.xcconfig"; path = "Target Support Files/Pods-iChatFirebase/Pods-iChatFirebase.release.xcconfig"; sourceTree = "<group>"; };
/* End PBXFileReference section */

/* Begin PBXFrameworksBuildPhase section */
		7D7EF6912A8970D5001780F3 /* Frameworks */ = {
			isa = PBXFrameworksBuildPhase;
			buildActionMask = 2147483647;
			files = (
				7DC3C2112A8A3435001E1B12 /* Pods_iChatFirebase.framework in Frameworks */,
			);
			runOnlyForDeploymentPostprocessing = 0;
		};
/* End PBXFrameworksBuildPhase section */

/* Begin PBXGroup section */
		7D7EF68B2A8970D5001780F3 = {
			isa = PBXGroup;
			children = (
				7D7EF6962A8970D5001780F3 /* iChatFirebase */,
				7D7EF6952A8970D5001780F3 /* Products */,
				8328CFC1E9A5BC4EF906CDD9 /* Pods */,
				80EE243564FBD6FB29129F26 /* Frameworks */,
			);
			sourceTree = "<group>";
		};
		7D7EF6952A8970D5001780F3 /* Products */ = {
			isa = PBXGroup;
			children = (
				7D7EF6942A8970D5001780F3 /* iChatFirebase.app */,
			);
			name = Products;
			sourceTree = "<group>";
		};
		7D7EF6962A8970D5001780F3 /* iChatFirebase */ = {
			isa = PBXGroup;
			children = (
				7DFBC7592A899D1A004493FA /* GoogleService-Info.plist */,
				7D94EBDC2A89752C00ED8896 /* SignInViewModel.swift */,
				7D94EBDE2A89759700ED8896 /* SignUpView.swift */,
				7D94EBE02A8975D000ED8896 /* SignUpViewModel.swift */,
				7D7EF6972A8970D5001780F3 /* iChatFirebaseApp.swift */,
				7D7EF6992A8970D5001780F3 /*   SignInView.swift */,
				7D7EF69B2A8970D6001780F3 /* Assets.xcassets */,
				7D7EF69D2A8970D6001780F3 /* iChatFirebase.entitlements */,
				7D7EF69E2A8970D6001780F3 /* Preview Content */,
			);
			path = iChatFirebase;
			sourceTree = "<group>";
		};
		7D7EF69E2A8970D6001780F3 /* Preview Content */ = {
			isa = PBXGroup;
			children = (
				7D7EF69F2A8970D6001780F3 /* Preview Assets.xcassets */,
			);
			path = "Preview Content";
			sourceTree = "<group>";
		};
		80EE243564FBD6FB29129F26 /* Frameworks */ = {
			isa = PBXGroup;
			children = (
				22AF706DDE1258F62DB0F89D /* Pods_iChatFirebase.framework */,
			);
			name = Frameworks;
			sourceTree = "<group>";
		};
		8328CFC1E9A5BC4EF906CDD9 /* Pods */ = {
			isa = PBXGroup;
			children = (
				38FA858C6F645FB956FCC1B0 /* Pods-iChatFirebase.debug.xcconfig */,
				A2567FFF51E47A43F0196B9C /* Pods-iChatFirebase.release.xcconfig */,
			);
			path = Pods;
			sourceTree = "<group>";
		};
/* End PBXGroup section */

/* Begin PBXNativeTarget section */
		7D7EF6932A8970D5001780F3 /* iChatFirebase */ = {
			isa = PBXNativeTarget;
			buildConfigurationList = 7D7EF6A32A8970D6001780F3 /* Build configuration list for PBXNativeTarget "iChatFirebase" */;
			buildPhases = (
				28E5D76A5CB86AFCAF981A16 /* [CP] Check Pods Manifest.lock */,
				7D7EF6902A8970D5001780F3 /* Sources */,
				7D7EF6912A8970D5001780F3 /* Frameworks */,
				7D7EF6922A8970D5001780F3 /* Resources */,
				7DFBC75D2A89AB4B004493FA /* Embed Frameworks */,
				60E3A9F1E93F3C7196A8AB9B /* [CP] Embed Pods Frameworks */,
			);
			buildRules = (
			);
			dependencies = (
			);
			name = iChatFirebase;
			productName = iChatFirebase;
			productReference = 7D7EF6942A8970D5001780F3 /* iChatFirebase.app */;
			productType = "com.apple.product-type.application";
		};
/* End PBXNativeTarget section */

/* Begin PBXProject section */
		7D7EF68C2A8970D5001780F3 /* Project object */ = {
			isa = PBXProject;
			attributes = {
				BuildIndependentTargetsInParallel = 1;
				LastSwiftUpdateCheck = 1430;
				LastUpgradeCheck = 1430;
				TargetAttributes = {
					7D7EF6932A8970D5001780F3 = {
						CreatedOnToolsVersion = 14.3.1;
					};
				};
			};
			buildConfigurationList = 7D7EF68F2A8970D5001780F3 /* Build configuration list for PBXProject "iChatFirebase" */;
			compatibilityVersion = "Xcode 14.0";
			developmentRegion = en;
			hasScannedForEncodings = 0;
			knownRegions = (
				en,
				Base,
			);
			mainGroup = 7D7EF68B2A8970D5001780F3;
			productRefGroup = 7D7EF6952A8970D5001780F3 /* Products */;
			projectDirPath = "";
			projectRoot = "";
			targets = (
				7D7EF6932A8970D5001780F3 /* iChatFirebase */,
			);
		};
/* End PBXProject section */

/* Begin PBXResourcesBuildPhase section */
		7D7EF6922A8970D5001780F3 /* Resources */ = {
			isa = PBXResourcesBuildPhase;
			buildActionMask = 2147483647;
			files = (
				7D7EF6A02A8970D6001780F3 /* Preview Assets.xcassets in Resources */,
				7D7EF69C2A8970D6001780F3 /* Assets.xcassets in Resources */,
				7DFBC75A2A899D1A004493FA /* GoogleService-Info.plist in Resources */,
			);
			runOnlyForDeploymentPostprocessing = 0;
		};
/* End PBXResourcesBuildPhase section */

/* Begin PBXShellScriptBuildPhase section */
		28E5D76A5CB86AFCAF981A16 /* [CP] Check Pods Manifest.lock */ = {
			isa = PBXShellScriptBuildPhase;
			buildActionMask = 2147483647;
			files = (
			);
			inputFileListPaths = (
			);
			inputPaths = (
				"${PODS_PODFILE_DIR_PATH}/Podfile.lock",
				"${PODS_ROOT}/Manifest.lock",
			);
			name = "[CP] Check Pods Manifest.lock";
			outputFileListPaths = (
			);
			outputPaths = (
				"$(DERIVED_FILE_DIR)/Pods-iChatFirebase-checkManifestLockResult.txt",
			);
			runOnlyForDeploymentPostprocessing = 0;
			shellPath = /bin/sh;
			shellScript = "diff \"${PODS_PODFILE_DIR_PATH}/Podfile.lock\" \"${PODS_ROOT}/Manifest.lock\" > /dev/null\nif [ $? != 0 ] ; then\n    # print error to STDERR\n    echo \"error: The sandbox is not in sync with the Podfile.lock. Run 'pod install' or update your CocoaPods installation.\" >&2\n    exit 1\nfi\n# This output is used by Xcode 'outputs' to avoid re-running this script phase.\necho \"SUCCESS\" > \"${SCRIPT_OUTPUT_FILE_0}\"\n";
			showEnvVarsInLog = 0;
		};
		60E3A9F1E93F3C7196A8AB9B /* [CP] Embed Pods Frameworks */ = {
			isa = PBXShellScriptBuildPhase;
			buildActionMask = 2147483647;
			files = (
			);
			inputFileListPaths = (
				"${PODS_ROOT}/Target Support Files/Pods-iChatFirebase/Pods-iChatFirebase-frameworks-${CONFIGURATION}-input-files.xcfilelist",
			);
			name = "[CP] Embed Pods Frameworks";
			outputFileListPaths = (
				"${PODS_ROOT}/Target Support Files/Pods-iChatFirebase/Pods-iChatFirebase-frameworks-${CONFIGURATION}-output-files.xcfilelist",
			);
			runOnlyForDeploymentPostprocessing = 0;
			shellPath = /bin/sh;
			shellScript = "\"${PODS_ROOT}/Target Support Files/Pods-iChatFirebase/Pods-iChatFirebase-frameworks.sh\"\n";
			showEnvVarsInLog = 0;
		};
/* End PBXShellScriptBuildPhase section */

/* Begin PBXSourcesBuildPhase section */
		7D7EF6902A8970D5001780F3 /* Sources */ = {
			isa = PBXSourcesBuildPhase;
			buildActionMask = 2147483647;
			files = (
				7D94EBDF2A89759700ED8896 /* SignUpView.swift in Sources */,
				7D7EF69A2A8970D5001780F3 /*   SignInView.swift in Sources */,
				7D94EBE12A8975D000ED8896 /* SignUpViewModel.swift in Sources */,
				7D7EF6982A8970D5001780F3 /* iChatFirebaseApp.swift in Sources */,
				7D94EBDD2A89752C00ED8896 /* SignInViewModel.swift in Sources */,
			);
			runOnlyForDeploymentPostprocessing = 0;
		};
/* End PBXSourcesBuildPhase section */

/* Begin XCBuildConfiguration section */
		7D7EF6A12A8970D6001780F3 /* Debug */ = {
			isa = XCBuildConfiguration;
			buildSettings = {
				ALWAYS_EMBED_SWIFT_STANDARD_LIBRARIES = "$(inherited)";
				ALWAYS_SEARCH_USER_PATHS = NO;
				CLANG_ANALYZER_NONNULL = YES;
				CLANG_ANALYZER_NUMBER_OBJECT_CONVERSION = YES_AGGRESSIVE;
				CLANG_CXX_LANGUAGE_STANDARD = "gnu++20";
				CLANG_ENABLE_MODULES = NO;
				CLANG_ENABLE_OBJC_ARC = YES;
				CLANG_ENABLE_OBJC_WEAK = NO;
				CLANG_WARN_BLOCK_CAPTURE_AUTORELEASING = YES;
				CLANG_WARN_BOOL_CONVERSION = YES;
				CLANG_WARN_COMMA = YES;
				CLANG_WARN_CONSTANT_CONVERSION = YES;
				CLANG_WARN_DEPRECATED_OBJC_IMPLEMENTATIONS = YES;
				CLANG_WARN_DIRECT_OBJC_ISA_USAGE = YES_ERROR;
				CLANG_WARN_DOCUMENTATION_COMMENTS = YES;
				CLANG_WARN_EMPTY_BODY = YES;
				CLANG_WARN_ENUM_CONVERSION = YES;
				CLANG_WARN_INFINITE_RECURSION = YES;
				CLANG_WARN_INT_CONVERSION = YES_ERROR;
				CLANG_WARN_NON_LITERAL_NULL_CONVERSION = YES_ERROR;
				CLANG_WARN_OBJC_IMPLICIT_RETAIN_SELF = YES;
				CLANG_WARN_OBJC_LITERAL_CONVERSION = YES;
				CLANG_WARN_OBJC_ROOT_CLASS = YES_ERROR;
				CLANG_WARN_QUOTED_INCLUDE_IN_FRAMEWORK_HEADER = YES;
				CLANG_WARN_RANGE_LOOP_ANALYSIS = YES;
				CLANG_WARN_STRICT_PROTOTYPES = YES;
				CLANG_WARN_SUSPICIOUS_MOVE = YES;
				CLANG_WARN_UNGUARDED_AVAILABILITY = YES_AGGRESSIVE;
				CLANG_WARN_UNREACHABLE_CODE = YES_AGGRESSIVE;
				CLANG_WARN__DUPLICATE_METHOD_MATCH = YES;
				COPY_PHASE_STRIP = NO;
				DEBUG_INFORMATION_FORMAT = "dwarf-with-dsym";
				ENABLE_STRICT_OBJC_MSGSEND = NO;
				ENABLE_TESTABILITY = "$(inherited)";
				GCC_C_LANGUAGE_STANDARD = gnu11;
				GCC_DYNAMIC_NO_PIC = YES;
				GCC_NO_COMMON_BLOCKS = YES;
				GCC_OPTIMIZATION_LEVEL = 0;
				GCC_PREPROCESSOR_DEFINITIONS = (
					"DEBUG=1",
					"$(inherited)",
				);
				GCC_WARN_64_TO_32_BIT_CONVERSION = YES;
				"GCC_WARN_64_TO_32_BIT_CONVERSION[arch=*64]" = YES;
				GCC_WARN_ABOUT_RETURN_TYPE = YES_ERROR;
				GCC_WARN_UNDECLARED_SELECTOR = YES;
				GCC_WARN_UNINITIALIZED_AUTOS = YES_AGGRESSIVE;
				GCC_WARN_UNUSED_FUNCTION = YES;
				GCC_WARN_UNUSED_VARIABLE = YES;
				MTL_ENABLE_DEBUG_INFO = INCLUDE_SOURCE;
				MTL_FAST_MATH = YES;
				ONLY_ACTIVE_ARCH = YES;
				SWIFT_ACTIVE_COMPILATION_CONDITIONS = DEBUG;
				SWIFT_OPTIMIZATION_LEVEL = "-Onone";
			};
			name = Debug;
		};
		7D7EF6A22A8970D6001780F3 /* Release */ = {
			isa = XCBuildConfiguration;
			buildSettings = {
				ALWAYS_EMBED_SWIFT_STANDARD_LIBRARIES = "$(inherited)";
				ALWAYS_SEARCH_USER_PATHS = NO;
				CLANG_ANALYZER_NONNULL = YES;
				CLANG_ANALYZER_NUMBER_OBJECT_CONVERSION = YES_AGGRESSIVE;
				CLANG_CXX_LANGUAGE_STANDARD = "gnu++20";
				CLANG_ENABLE_MODULES = NO;
				CLANG_ENABLE_OBJC_ARC = YES;
				CLANG_ENABLE_OBJC_WEAK = NO;
				CLANG_WARN_BLOCK_CAPTURE_AUTORELEASING = YES;
				CLANG_WARN_BOOL_CONVERSION = YES;
				CLANG_WARN_COMMA = YES;
				CLANG_WARN_CONSTANT_CONVERSION = YES;
				CLANG_WARN_DEPRECATED_OBJC_IMPLEMENTATIONS = YES;
				CLANG_WARN_DIRECT_OBJC_ISA_USAGE = YES_ERROR;
				CLANG_WARN_DOCUMENTATION_COMMENTS = YES;
				CLANG_WARN_EMPTY_BODY = YES;
				CLANG_WARN_ENUM_CONVERSION = YES;
				CLANG_WARN_INFINITE_RECURSION = YES;
				CLANG_WARN_INT_CONVERSION = YES_ERROR;
				CLANG_WARN_NON_LITERAL_NULL_CONVERSION = YES_ERROR;
				CLANG_WARN_OBJC_IMPLICIT_RETAIN_SELF = YES;
				CLANG_WARN_OBJC_LITERAL_CONVERSION = YES;
				CLANG_WARN_OBJC_ROOT_CLASS = YES_ERROR;
				CLANG_WARN_QUOTED_INCLUDE_IN_FRAMEWORK_HEADER = YES;
				CLANG_WARN_RANGE_LOOP_ANALYSIS = YES;
				CLANG_WARN_STRICT_PROTOTYPES = YES;
				CLANG_WARN_SUSPICIOUS_MOVE = YES;
				CLANG_WARN_UNGUARDED_AVAILABILITY = YES_AGGRESSIVE;
				CLANG_WARN_UNREACHABLE_CODE = YES_AGGRESSIVE;
				CLANG_WARN__DUPLICATE_METHOD_MATCH = YES;
				COPY_PHASE_STRIP = NO;
				DEBUG_INFORMATION_FORMAT = "dwarf-with-dsym";
				"DEBUG_INFORMATION_FORMAT[sdk=*]" = "$(inherited)";
				ENABLE_NS_ASSERTIONS = NO;
				ENABLE_STRICT_OBJC_MSGSEND = NO;
				ENABLE_TESTABILITY = "$(inherited)";
				GCC_C_LANGUAGE_STANDARD = gnu11;
				GCC_DYNAMIC_NO_PIC = YES;
				GCC_NO_COMMON_BLOCKS = YES;
				GCC_WARN_64_TO_32_BIT_CONVERSION = YES;
				"GCC_WARN_64_TO_32_BIT_CONVERSION[arch=*64]" = YES;
				GCC_WARN_ABOUT_RETURN_TYPE = YES_ERROR;
				GCC_WARN_UNDECLARED_SELECTOR = YES;
				GCC_WARN_UNINITIALIZED_AUTOS = YES_AGGRESSIVE;
				GCC_WARN_UNUSED_FUNCTION = YES;
				GCC_WARN_UNUSED_VARIABLE = YES;
				MTL_ENABLE_DEBUG_INFO = NO;
				MTL_FAST_MATH = YES;
				SWIFT_COMPILATION_MODE = wholemodule;
				SWIFT_OPTIMIZATION_LEVEL = "-O";
			};
			name = Release;
		};
		7D7EF6A42A8970D6001780F3 /* Debug */ = {
			isa = XCBuildConfiguration;
			baseConfigurationReference = 38FA858C6F645FB956FCC1B0 /* Pods-iChatFirebase.debug.xcconfig */;
			buildSettings = {
				ALWAYS_SEARCH_USER_PATHS = YES;
				ASSETCATALOG_COMPILER_APPICON_NAME = AppIcon;
				ASSETCATALOG_COMPILER_GLOBAL_ACCENT_COLOR_NAME = AccentColor;
				CODE_SIGN_ENTITLEMENTS = iChatFirebase/iChatFirebase.entitlements;
				CODE_SIGN_STYLE = Automatic;
				CURRENT_PROJECT_VERSION = 1;
				DEVELOPMENT_ASSET_PATHS = "\"iChatFirebase/Preview Content\"";
				DEVELOPMENT_TEAM = X38G33KM7M;
				ENABLE_HARDENED_RUNTIME = YES;
				ENABLE_PREVIEWS = YES;
				GENERATE_INFOPLIST_FILE = YES;
				"INFOPLIST_KEY_UIApplicationSceneManifest_Generation[sdk=iphoneos*]" = YES;
				"INFOPLIST_KEY_UIApplicationSceneManifest_Generation[sdk=iphonesimulator*]" = YES;
				"INFOPLIST_KEY_UIApplicationSupportsIndirectInputEvents[sdk=iphoneos*]" = YES;
				"INFOPLIST_KEY_UIApplicationSupportsIndirectInputEvents[sdk=iphonesimulator*]" = YES;
				"INFOPLIST_KEY_UILaunchScreen_Generation[sdk=iphoneos*]" = YES;
				"INFOPLIST_KEY_UILaunchScreen_Generation[sdk=iphonesimulator*]" = YES;
				"INFOPLIST_KEY_UIStatusBarStyle[sdk=iphoneos*]" = UIStatusBarStyleDefault;
				"INFOPLIST_KEY_UIStatusBarStyle[sdk=iphonesimulator*]" = UIStatusBarStyleDefault;
				INFOPLIST_KEY_UISupportedInterfaceOrientations_iPad = "UIInterfaceOrientationPortrait UIInterfaceOrientationPortraitUpsideDown UIInterfaceOrientationLandscapeLeft UIInterfaceOrientationLandscapeRight";
				INFOPLIST_KEY_UISupportedInterfaceOrientations_iPhone = "UIInterfaceOrientationPortrait UIInterfaceOrientationLandscapeLeft UIInterfaceOrientationLandscapeRight";
				IPHONEOS_DEPLOYMENT_TARGET = 15.5;
				LD_RUNPATH_SEARCH_PATHS = (
					"@executable_path/Frameworks",
					"$(inherited)",
				);
				"LD_RUNPATH_SEARCH_PATHS[sdk=macosx*]" = (
					"@executable_path/../Frameworks",
					"$(inherited)",
				);
				MACOSX_DEPLOYMENT_TARGET = "$(RECOMMENDED_MACOSX_DEPLOYMENT_TARGET)";
				MARKETING_VERSION = 1.0;
				PODS_XCFRAMEWORKS_BUILD_DIR = "$(PODS_CONFIGURATION_BUILD_DIR)/XCFrameworkIntermediates  $(inherited)";
				"PODS_XCFRAMEWORKS_BUILD_DIR[arch=*]" = "$(PODS_CONFIGURATION_BUILD_DIR)/XCFrameworkIntermediates  $(inherited)";
				PRODUCT_BUNDLE_IDENTIFIER = "alves-patrick.iChatFirebase";
				PRODUCT_NAME = "$(TARGET_NAME)";
				SDKROOT = auto;
				SUPPORTED_PLATFORMS = "iphonesimulator iphoneos";
				SWIFT_EMIT_LOC_STRINGS = YES;
				SWIFT_VERSION = 5.0;
				TARGETED_DEVICE_FAMILY = "1,2";
				USE_RECURSIVE_SCRIPT_INPUTS_IN_SCRIPT_PHASES = Yes;
			};
			name = Debug;
		};
		7D7EF6A52A8970D6001780F3 /* Release */ = {
			isa = XCBuildConfiguration;
			baseConfigurationReference = A2567FFF51E47A43F0196B9C /* Pods-iChatFirebase.release.xcconfig */;
			buildSettings = {
				ALWAYS_SEARCH_USER_PATHS = YES;
				ASSETCATALOG_COMPILER_APPICON_NAME = AppIcon;
				ASSETCATALOG_COMPILER_GLOBAL_ACCENT_COLOR_NAME = AccentColor;
				CODE_SIGN_ENTITLEMENTS = iChatFirebase/iChatFirebase.entitlements;
				CODE_SIGN_STYLE = Automatic;
				CURRENT_PROJECT_VERSION = 1;
				DEVELOPMENT_ASSET_PATHS = "\"iChatFirebase/Preview Content\"";
				DEVELOPMENT_TEAM = X38G33KM7M;
				ENABLE_HARDENED_RUNTIME = YES;
				ENABLE_PREVIEWS = YES;
				GENERATE_INFOPLIST_FILE = YES;
				"INFOPLIST_KEY_UIApplicationSceneManifest_Generation[sdk=iphoneos*]" = YES;
				"INFOPLIST_KEY_UIApplicationSceneManifest_Generation[sdk=iphonesimulator*]" = YES;
				"INFOPLIST_KEY_UIApplicationSupportsIndirectInputEvents[sdk=iphoneos*]" = YES;
				"INFOPLIST_KEY_UIApplicationSupportsIndirectInputEvents[sdk=iphonesimulator*]" = YES;
				"INFOPLIST_KEY_UILaunchScreen_Generation[sdk=iphoneos*]" = YES;
				"INFOPLIST_KEY_UILaunchScreen_Generation[sdk=iphonesimulator*]" = YES;
				"INFOPLIST_KEY_UIStatusBarStyle[sdk=iphoneos*]" = UIStatusBarStyleDefault;
				"INFOPLIST_KEY_UIStatusBarStyle[sdk=iphonesimulator*]" = UIStatusBarStyleDefault;
				INFOPLIST_KEY_UISupportedInterfaceOrientations_iPad = "UIInterfaceOrientationPortrait UIInterfaceOrientationPortraitUpsideDown UIInterfaceOrientationLandscapeLeft UIInterfaceOrientationLandscapeRight";
				INFOPLIST_KEY_UISupportedInterfaceOrientations_iPhone = "UIInterfaceOrientationPortrait UIInterfaceOrientationLandscapeLeft UIInterfaceOrientationLandscapeRight";
				IPHONEOS_DEPLOYMENT_TARGET = 15.5;
				LD_RUNPATH_SEARCH_PATHS = (
					"@executable_path/Frameworks",
					"$(inherited)",
				);
				"LD_RUNPATH_SEARCH_PATHS[sdk=macosx*]" = (
					"@executable_path/../Frameworks",
					"$(inherited)",
				);
				MACOSX_DEPLOYMENT_TARGET = "$(RECOMMENDED_MACOSX_DEPLOYMENT_TARGET)";
				MARKETING_VERSION = 1.0;
				PODS_XCFRAMEWORKS_BUILD_DIR = "$(PODS_CONFIGURATION_BUILD_DIR)/XCFrameworkIntermediates $(inherited)";
				PRODUCT_BUNDLE_IDENTIFIER = "alves-patrick.iChatFirebase";
				PRODUCT_NAME = "$(TARGET_NAME)";
				SDKROOT = auto;
				SUPPORTED_PLATFORMS = "iphonesimulator iphoneos";
				SWIFT_EMIT_LOC_STRINGS = YES;
				SWIFT_VERSION = 5.0;
				TARGETED_DEVICE_FAMILY = "1,2";
				USE_RECURSIVE_SCRIPT_INPUTS_IN_SCRIPT_PHASES = Yes;
			};
			name = Release;
		};
/* End XCBuildConfiguration section */

/* Begin XCConfigurationList section */
		7D7EF68F2A8970D5001780F3 /* Build configuration list for PBXProject "iChatFirebase" */ = {
			isa = XCConfigurationList;
			buildConfigurations = (
				7D7EF6A12A8970D6001780F3 /* Debug */,
				7D7EF6A22A8970D6001780F3 /* Release */,
			);
			defaultConfigurationIsVisible = 0;
			defaultConfigurationName = Release;
		};
		7D7EF6A32A8970D6001780F3 /* Build configuration list for PBXNativeTarget "iChatFirebase" */ = {
			isa = XCConfigurationList;
			buildConfigurations = (
				7D7EF6A42A8970D6001780F3 /* Debug */,
				7D7EF6A52A8970D6001780F3 /* Release */,
			);
			defaultConfigurationIsVisible = 0;
			defaultConfigurationName = Release;
		};
/* End XCConfigurationList section */
	};
	rootObject = 7D7EF68C2A8970D5001780F3 /* Project object */;
}
